// !$*UTF8*$!
{
	archiveVersion = 1;
	classes = {
	};
	objectVersion = 56;
	objects = {

/* Begin PBXBuildFile section */
		783363BA2AC51E0800E5FF1E /* Valorant_Fantasy_OfficialApp.swift in Sources */ = {isa = PBXBuildFile; fileRef = 783363B92AC51E0800E5FF1E /* Valorant_Fantasy_OfficialApp.swift */; };
		783363BC2AC51E0800E5FF1E /* ContentView.swift in Sources */ = {isa = PBXBuildFile; fileRef = 783363BB2AC51E0800E5FF1E /* ContentView.swift */; };
		783363BE2AC51E0B00E5FF1E /* Assets.xcassets in Resources */ = {isa = PBXBuildFile; fileRef = 783363BD2AC51E0B00E5FF1E /* Assets.xcassets */; };
		783363C12AC51E0B00E5FF1E /* Preview Assets.xcassets in Resources */ = {isa = PBXBuildFile; fileRef = 783363C02AC51E0B00E5FF1E /* Preview Assets.xcassets */; };
		783363CB2AC51E9200E5FF1E /* User.swift in Sources */ = {isa = PBXBuildFile; fileRef = 783363CA2AC51E9200E5FF1E /* User.swift */; };
		783363CD2AC51EB700E5FF1E /* League.swift in Sources */ = {isa = PBXBuildFile; fileRef = 783363CC2AC51EB700E5FF1E /* League.swift */; };
		783363CF2AC51F0100E5FF1E /* SwiftUIView.swift in Sources */ = {isa = PBXBuildFile; fileRef = 783363CE2AC51F0100E5FF1E /* SwiftUIView.swift */; };
/* End PBXBuildFile section */

/* Begin PBXFileReference section */
		783363B62AC51E0800E5FF1E /* Valorant Fantasy Official.app */ = {isa = PBXFileReference; explicitFileType = wrapper.application; includeInIndex = 0; path = "Valorant Fantasy Official.app"; sourceTree = BUILT_PRODUCTS_DIR; };
		783363B92AC51E0800E5FF1E /* Valorant_Fantasy_OfficialApp.swift */ = {isa = PBXFileReference; lastKnownFileType = sourcecode.swift; path = Valorant_Fantasy_OfficialApp.swift; sourceTree = "<group>"; };
		783363BB2AC51E0800E5FF1E /* ContentView.swift */ = {isa = PBXFileReference; lastKnownFileType = sourcecode.swift; path = ContentView.swift; sourceTree = "<group>"; };
		783363BD2AC51E0B00E5FF1E /* Assets.xcassets */ = {isa = PBXFileReference; lastKnownFileType = folder.assetcatalog; path = Assets.xcassets; sourceTree = "<group>"; };
		783363C02AC51E0B00E5FF1E /* Preview Assets.xcassets */ = {isa = PBXFileReference; lastKnownFileType = folder.assetcatalog; path = "Preview Assets.xcassets"; sourceTree = "<group>"; };
		783363CA2AC51E9200E5FF1E /* User.swift */ = {isa = PBXFileReference; lastKnownFileType = sourcecode.swift; path = User.swift; sourceTree = "<group>"; };
		783363CC2AC51EB700E5FF1E /* League.swift */ = {isa = PBXFileReference; lastKnownFileType = sourcecode.swift; path = League.swift; sourceTree = "<group>"; };
		783363CE2AC51F0100E5FF1E /* SwiftUIView.swift */ = {isa = PBXFileReference; lastKnownFileType = sourcecode.swift; path = SwiftUIView.swift; sourceTree = "<group>"; };
/* End PBXFileReference section */

/* Begin PBXFrameworksBuildPhase section */
		783363B32AC51E0800E5FF1E /* Frameworks */ = {
			isa = PBXFrameworksBuildPhase;
			buildActionMask = 2147483647;
			files = (
			);
			runOnlyForDeploymentPostprocessing = 0;
		};
/* End PBXFrameworksBuildPhase section */

/* Begin PBXGroup section */
		783363AD2AC51E0800E5FF1E = {
			isa = PBXGroup;
			children = (
				783363B82AC51E0800E5FF1E /* Valorant Fantasy Official */,
				783363B72AC51E0800E5FF1E /* Products */,
			);
			sourceTree = "<group>";
		};
		783363B72AC51E0800E5FF1E /* Products */ = {
			isa = PBXGroup;
			children = (
				783363B62AC51E0800E5FF1E /* Valorant Fantasy Official.app */,
			);
			name = Products;
			sourceTree = "<group>";
		};
		783363B82AC51E0800E5FF1E /* Valorant Fantasy Official */ = {
			isa = PBXGroup;
			children = (
				783363C92AC51E7E00E5FF1E /* Controller */,
				783363C82AC51E7000E5FF1E /* View */,
				783363C72AC51E6300E5FF1E /* Model */,
				783363B92AC51E0800E5FF1E /* Valorant_Fantasy_OfficialApp.swift */,
				783363BB2AC51E0800E5FF1E /* ContentView.swift */,
				783363BD2AC51E0B00E5FF1E /* Assets.xcassets */,
				783363BF2AC51E0B00E5FF1E /* Preview Content */,
			);
			path = "Valorant Fantasy Official";
			sourceTree = "<group>";
		};
		783363BF2AC51E0B00E5FF1E /* Preview Content */ = {
			isa = PBXGroup;
			children = (
				783363C02AC51E0B00E5FF1E /* Preview Assets.xcassets */,
			);
			path = "Preview Content";
			sourceTree = "<group>";
		};
		783363C72AC51E6300E5FF1E /* Model */ = {
			isa = PBXGroup;
			children = (
				783363CA2AC51E9200E5FF1E /* User.swift */,
				783363CC2AC51EB700E5FF1E /* League.swift */,
			);
			path = Model;
			sourceTree = "<group>";
		};
		783363C82AC51E7000E5FF1E /* View */ = {
			isa = PBXGroup;
			children = (
				783363CE2AC51F0100E5FF1E /* SwiftUIView.swift */,
			);
			path = View;
			sourceTree = "<group>";
		};
		783363C92AC51E7E00E5FF1E /* Controller */ = {
			isa = PBXGroup;
			children = (
			);
			path = Controller;
			sourceTree = "<group>";
		};
/* End PBXGroup section */

/* Begin PBXNativeTarget section */
		783363B52AC51E0800E5FF1E /* Valorant Fantasy Official */ = {
			isa = PBXNativeTarget;
			buildConfigurationList = 783363C42AC51E0B00E5FF1E /* Build configuration list for PBXNativeTarget "Valorant Fantasy Official" */;
			buildPhases = (
				783363B22AC51E0800E5FF1E /* Sources */,
				783363B32AC51E0800E5FF1E /* Frameworks */,
				783363B42AC51E0800E5FF1E /* Resources */,
			);
			buildRules = (
			);
			dependencies = (
			);
			name = "Valorant Fantasy Official";
			productName = "Valorant Fantasy Official";
			productReference = 783363B62AC51E0800E5FF1E /* Valorant Fantasy Official.app */;
			productType = "com.apple.product-type.application";
		};
/* End PBXNativeTarget section */

/* Begin PBXProject section */
		783363AE2AC51E0800E5FF1E /* Project object */ = {
			isa = PBXProject;
			attributes = {
				BuildIndependentTargetsInParallel = 1;
				LastSwiftUpdateCheck = 1430;
				LastUpgradeCheck = 1430;
				TargetAttributes = {
					783363B52AC51E0800E5FF1E = {
						CreatedOnToolsVersion = 14.3.1;
					};
				};
			};
			buildConfigurationList = 783363B12AC51E0800E5FF1E /* Build configuration list for PBXProject "Valorant Fantasy Official" */;
			compatibilityVersion = "Xcode 14.0";
			developmentRegion = en;
			hasScannedForEncodings = 0;
			knownRegions = (
				en,
				Base,
			);
			mainGroup = 783363AD2AC51E0800E5FF1E;
			productRefGroup = 783363B72AC51E0800E5FF1E /* Products */;
			projectDirPath = "";
			projectRoot = "";
			targets = (
				783363B52AC51E0800E5FF1E /* Valorant Fantasy Official */,
			);
		};
/* End PBXProject section */

/* Begin PBXResourcesBuildPhase section */
		783363B42AC51E0800E5FF1E /* Resources */ = {
			isa = PBXResourcesBuildPhase;
			buildActionMask = 2147483647;
			files = (
				783363C12AC51E0B00E5FF1E /* Preview Assets.xcassets in Resources */,
				783363BE2AC51E0B00E5FF1E /* Assets.xcassets in Resources */,
			);
			runOnlyForDeploymentPostprocessing = 0;
		};
/* End PBXResourcesBuildPhase section */

/* Begin PBXSourcesBuildPhase section */
		783363B22AC51E0800E5FF1E /* Sources */ = {
			isa = PBXSourcesBuildPhase;
			buildActionMask = 2147483647;
			files = (
				783363BC2AC51E0800E5FF1E /* ContentView.swift in Sources */,
				783363BA2AC51E0800E5FF1E /* Valorant_Fantasy_OfficialApp.swift in Sources */,
				783363CD2AC51EB700E5FF1E /* League.swift in Sources */,
				783363CB2AC51E9200E5FF1E /* User.swift in Sources */,
				783363CF2AC51F0100E5FF1E /* SwiftUIView.swift in Sources */,
			);
			runOnlyForDeploymentPostprocessing = 0;
		};
/* End PBXSourcesBuildPhase section */

/* Begin XCBuildConfiguration section */
		783363C22AC51E0B00E5FF1E /* Debug */ = {
			isa = XCBuildConfiguration;
			buildSettings = {
				ALWAYS_SEARCH_USER_PATHS = NO;
				CLANG_ANALYZER_NONNULL = YES;
				CLANG_ANALYZER_NUMBER_OBJECT_CONVERSION = YES_AGGRESSIVE;
				CLANG_CXX_LANGUAGE_STANDARD = "gnu++20";
				CLANG_ENABLE_MODULES = YES;
				CLANG_ENABLE_OBJC_ARC = YES;
				CLANG_ENABLE_OBJC_WEAK = YES;
				CLANG_WARN_BLOCK_CAPTURE_AUTORELEASING = YES;
				CLANG_WARN_BOOL_CONVERSION = YES;
				CLANG_WARN_COMMA = YES;
				CLANG_WARN_CONSTANT_CONVERSION = YES;
				CLANG_WARN_DEPRECATED_OBJC_IMPLEMENTATIONS = YES;
				CLANG_WARN_DIRECT_OBJC_ISA_USAGE = YES_ERROR;
				CLANG_WARN_DOCUMENTATION_COMMENTS = YES;
				CLANG_WARN_EMPTY_BODY = YES;
				CLANG_WARN_ENUM_CONVERSION = YES;
				CLANG_WARN_INFINITE_RECURSION = YES;
				CLANG_WARN_INT_CONVERSION = YES;
				CLANG_WARN_NON_LITERAL_NULL_CONVERSION = YES;
				CLANG_WARN_OBJC_IMPLICIT_RETAIN_SELF = YES;
				CLANG_WARN_OBJC_LITERAL_CONVERSION = YES;
				CLANG_WARN_OBJC_ROOT_CLASS = YES_ERROR;
				CLANG_WARN_QUOTED_INCLUDE_IN_FRAMEWORK_HEADER = YES;
				CLANG_WARN_RANGE_LOOP_ANALYSIS = YES;
				CLANG_WARN_STRICT_PROTOTYPES = YES;
				CLANG_WARN_SUSPICIOUS_MOVE = YES;
				CLANG_WARN_UNGUARDED_AVAILABILITY = YES_AGGRESSIVE;
				CLANG_WARN_UNREACHABLE_CODE = YES;
				CLANG_WARN__DUPLICATE_METHOD_MATCH = YES;
				COPY_PHASE_STRIP = NO;
				DEBUG_INFORMATION_FORMAT = dwarf;
				ENABLE_STRICT_OBJC_MSGSEND = YES;
				ENABLE_TESTABILITY = YES;
				GCC_C_LANGUAGE_STANDARD = gnu11;
				GCC_DYNAMIC_NO_PIC = NO;
				GCC_NO_COMMON_BLOCKS = YES;
				GCC_OPTIMIZATION_LEVEL = 0;
				GCC_PREPROCESSOR_DEFINITIONS = (
					"DEBUG=1",
					"$(inherited)",
				);
				GCC_WARN_64_TO_32_BIT_CONVERSION = YES;
				GCC_WARN_ABOUT_RETURN_TYPE = YES_ERROR;
				GCC_WARN_UNDECLARED_SELECTOR = YES;
				GCC_WARN_UNINITIALIZED_AUTOS = YES_AGGRESSIVE;
				GCC_WARN_UNUSED_FUNCTION = YES;
				GCC_WARN_UNUSED_VARIABLE = YES;
				IPHONEOS_DEPLOYMENT_TARGET = 16.4;
				MTL_ENABLE_DEBUG_INFO = INCLUDE_SOURCE;
				MTL_FAST_MATH = YES;
				ONLY_ACTIVE_ARCH = YES;
				SDKROOT = iphoneos;
				SWIFT_ACTIVE_COMPILATION_CONDITIONS = DEBUG;
				SWIFT_OPTIMIZATION_LEVEL = "-Onone";
			};
			name = Debug;
		};
		783363C32AC51E0B00E5FF1E /* Release */ = {
			isa = XCBuildConfiguration;
			buildSettings = {
				ALWAYS_SEARCH_USER_PATHS = NO;
				CLANG_ANALYZER_NONNULL = YES;
				CLANG_ANALYZER_NUMBER_OBJECT_CONVERSION = YES_AGGRESSIVE;
				CLANG_CXX_LANGUAGE_STANDARD = "gnu++20";
				CLANG_ENABLE_MODULES = YES;
				CLANG_ENABLE_OBJC_ARC = YES;
				CLANG_ENABLE_OBJC_WEAK = YES;
				CLANG_WARN_BLOCK_CAPTURE_AUTORELEASING = YES;
				CLANG_WARN_BOOL_CONVERSION = YES;
				CLANG_WARN_COMMA = YES;
				CLANG_WARN_CONSTANT_CONVERSION = YES;
				CLANG_WARN_DEPRECATED_OBJC_IMPLEMENTATIONS = YES;
				CLANG_WARN_DIRECT_OBJC_ISA_USAGE = YES_ERROR;
				CLANG_WARN_DOCUMENTATION_COMMENTS = YES;
				CLANG_WARN_EMPTY_BODY = YES;
				CLANG_WARN_ENUM_CONVERSION = YES;
				CLANG_WARN_INFINITE_RECURSION = YES;
				CLANG_WARN_INT_CONVERSION = YES;
				CLANG_WARN_NON_LITERAL_NULL_CONVERSION = YES;
				CLANG_WARN_OBJC_IMPLICIT_RETAIN_SELF = YES;
				CLANG_WARN_OBJC_LITERAL_CONVERSION = YES;
				CLANG_WARN_OBJC_ROOT_CLASS = YES_ERROR;
				CLANG_WARN_QUOTED_INCLUDE_IN_FRAMEWORK_HEADER = YES;
				CLANG_WARN_RANGE_LOOP_ANALYSIS = YES;
				CLANG_WARN_STRICT_PROTOTYPES = YES;
				CLANG_WARN_SUSPICIOUS_MOVE = YES;
				CLANG_WARN_UNGUARDED_AVAILABILITY = YES_AGGRESSIVE;
				CLANG_WARN_UNREACHABLE_CODE = YES;
				CLANG_WARN__DUPLICATE_METHOD_MATCH = YES;
				COPY_PHASE_STRIP = NO;
				DEBUG_INFORMATION_FORMAT = "dwarf-with-dsym";
				ENABLE_NS_ASSERTIONS = NO;
				ENABLE_STRICT_OBJC_MSGSEND = YES;
				GCC_C_LANGUAGE_STANDARD = gnu11;
				GCC_NO_COMMON_BLOCKS = YES;
				GCC_WARN_64_TO_32_BIT_CONVERSION = YES;
				GCC_WARN_ABOUT_RETURN_TYPE = YES_ERROR;
				GCC_WARN_UNDECLARED_SELECTOR = YES;
				GCC_WARN_UNINITIALIZED_AUTOS = YES_AGGRESSIVE;
				GCC_WARN_UNUSED_FUNCTION = YES;
				GCC_WARN_UNUSED_VARIABLE = YES;
				IPHONEOS_DEPLOYMENT_TARGET = 16.4;
				MTL_ENABLE_DEBUG_INFO = NO;
				MTL_FAST_MATH = YES;
				SDKROOT = iphoneos;
				SWIFT_COMPILATION_MODE = wholemodule;
				SWIFT_OPTIMIZATION_LEVEL = "-O";
				VALIDATE_PRODUCT = YES;
			};
			name = Release;
		};
		783363C52AC51E0B00E5FF1E /* Debug */ = {
			isa = XCBuildConfiguration;
			buildSettings = {
				ASSETCATALOG_COMPILER_APPICON_NAME = AppIcon;
				ASSETCATALOG_COMPILER_GLOBAL_ACCENT_COLOR_NAME = AccentColor;
				CODE_SIGN_STYLE = Automatic;
				CURRENT_PROJECT_VERSION = 1;
				DEVELOPMENT_ASSET_PATHS = "\"Valorant Fantasy Official/Preview Content\"";
				DEVELOPMENT_TEAM = C439PTW4DB;
				ENABLE_PREVIEWS = YES;
				GENERATE_INFOPLIST_FILE = YES;
				INFOPLIST_KEY_UIApplicationSceneManifest_Generation = YES;
				INFOPLIST_KEY_UIApplicationSupportsIndirectInputEvents = YES;
				INFOPLIST_KEY_UILaunchScreen_Generation = YES;
				INFOPLIST_KEY_UISupportedInterfaceOrientations_iPad = "UIInterfaceOrientationPortrait UIInterfaceOrientationPortraitUpsideDown UIInterfaceOrientationLandscapeLeft UIInterfaceOrientationLandscapeRight";
				INFOPLIST_KEY_UISupportedInterfaceOrientations_iPhone = "UIInterfaceOrientationPortrait UIInterfaceOrientationLandscapeLeft UIInterfaceOrientationLandscapeRight";
				LD_RUNPATH_SEARCH_PATHS = (
					"$(inherited)",
					"@executable_path/Frameworks",
				);
				MARKETING_VERSION = 1.0;
				PRODUCT_BUNDLE_IDENTIFIER = "ValFantasy.Valorant-Fantasy-Official";
				PRODUCT_NAME = "$(TARGET_NAME)";
				SWIFT_EMIT_LOC_STRINGS = YES;
				SWIFT_VERSION = 5.0;
				TARGETED_DEVICE_FAMILY = "1,2";
			};
			name = Debug;
		};
		783363C62AC51E0B00E5FF1E /* Release */ = {
			isa = XCBuildConfiguration;
			buildSettings = {
				ASSETCATALOG_COMPILER_APPICON_NAME = AppIcon;
				ASSETCATALOG_COMPILER_GLOBAL_ACCENT_COLOR_NAME = AccentColor;
				CODE_SIGN_STYLE = Automatic;
				CURRENT_PROJECT_VERSION = 1;
				DEVELOPMENT_ASSET_PATHS = "\"Valorant Fantasy Official/Preview Content\"";
				DEVELOPMENT_TEAM = C439PTW4DB;
				ENABLE_PREVIEWS = YES;
				GENERATE_INFOPLIST_FILE = YES;
				INFOPLIST_KEY_UIApplicationSceneManifest_Generation = YES;
				INFOPLIST_KEY_UIApplicationSupportsIndirectInputEvents = YES;
				INFOPLIST_KEY_UILaunchScreen_Generation = YES;
				INFOPLIST_KEY_UISupportedInterfaceOrientations_iPad = "UIInterfaceOrientationPortrait UIInterfaceOrientationPortraitUpsideDown UIInterfaceOrientationLandscapeLeft UIInterfaceOrientationLandscapeRight";
				INFOPLIST_KEY_UISupportedInterfaceOrientations_iPhone = "UIInterfaceOrientationPortrait UIInterfaceOrientationLandscapeLeft UIInterfaceOrientationLandscapeRight";
				LD_RUNPATH_SEARCH_PATHS = (
					"$(inherited)",
					"@executable_path/Frameworks",
				);
				MARKETING_VERSION = 1.0;
				PRODUCT_BUNDLE_IDENTIFIER = "ValFantasy.Valorant-Fantasy-Official";
				PRODUCT_NAME = "$(TARGET_NAME)";
				SWIFT_EMIT_LOC_STRINGS = YES;
				SWIFT_VERSION = 5.0;
				TARGETED_DEVICE_FAMILY = "1,2";
			};
			name = Release;
		};
/* End XCBuildConfiguration section */

/* Begin XCConfigurationList section */
		783363B12AC51E0800E5FF1E /* Build configuration list for PBXProject "Valorant Fantasy Official" */ = {
			isa = XCConfigurationList;
			buildConfigurations = (
				783363C22AC51E0B00E5FF1E /* Debug */,
				783363C32AC51E0B00E5FF1E /* Release */,
			);
			defaultConfigurationIsVisible = 0;
			defaultConfigurationName = Release;
		};
		783363C42AC51E0B00E5FF1E /* Build configuration list for PBXNativeTarget "Valorant Fantasy Official" */ = {
			isa = XCConfigurationList;
			buildConfigurations = (
				783363C52AC51E0B00E5FF1E /* Debug */,
				783363C62AC51E0B00E5FF1E /* Release */,
			);
			defaultConfigurationIsVisible = 0;
			defaultConfigurationName = Release;
		};
/* End XCConfigurationList section */
	};
	rootObject = 783363AE2AC51E0800E5FF1E /* Project object */;
}
